
Microsoft Visual Studio Solution File, Format Version 12.00
# Visual Studio Version 16
VisualStudioVersion = 16.0.29503.13
MinimumVisualStudioVersion = 10.0.40219.1
Project("{FAE04EC0-301F-11D3-BF4B-00C04F79EFBC}") = "ApiAppConfig", "ApiAppConfig\ApiAppConfig.csproj", "{2C6BB2F2-289D-46C3-8FED-40E9C542D115}"
EndProject
Project("{9A19103F-16F7-4668-BE54-9A1E7A4F7556}") = "ApiAppConfigWithRetry", "ApiAppConfigWithRetry\ApiAppConfigWithRetry.csproj", "{E5827D6D-57F5-477C-9C67-96BC0A321FC1}"
EndProject
Global
	GlobalSection(SolutionConfigurationPlatforms) = preSolution
		Debug|Any CPU = Debug|Any CPU
		Release|Any CPU = Release|Any CPU
	EndGlobalSection
	GlobalSection(ProjectConfigurationPlatforms) = postSolution
		{2C6BB2F2-289D-46C3-8FED-40E9C542D115}.Debug|Any CPU.ActiveCfg = Debug|Any CPU
		{2C6BB2F2-289D-46C3-8FED-40E9C542D115}.Debug|Any CPU.Build.0 = Debug|Any CPU
		{2C6BB2F2-289D-46C3-8FED-40E9C542D115}.Release|Any CPU.ActiveCfg = Release|Any CPU
		{2C6BB2F2-289D-46C3-8FED-40E9C542D115}.Release|Any CPU.Build.0 = Release|Any CPU
		{E5827D6D-57F5-477C-9C67-96BC0A321FC1}.Debug|Any CPU.ActiveCfg = Debug|Any CPU
		{E5827D6D-57F5-477C-9C67-96BC0A321FC1}.Debug|Any CPU.Build.0 = Debug|Any CPU
		{E5827D6D-57F5-477C-9C67-96BC0A321FC1}.Release|Any CPU.ActiveCfg = Release|Any CPU
		{E5827D6D-57F5-477C-9C67-96BC0A321FC1}.Release|Any CPU.Build.0 = Release|Any CPU
	EndGlobalSection
	GlobalSection(SolutionProperties) = preSolution
		HideSolutionNode = FALSE
	EndGlobalSection
	GlobalSection(ExtensibilityGlobals) = postSolution
		SolutionGuid = {BA7EDA35-AE19-438D-9ACE-1245FFFA5441}
	EndGlobalSection
EndGlobal
